// !$*UTF8*$!
{
	archiveVersion = 1;
	classes = {
	};
	objectVersion = 46;
	objects = {

/* Begin PBXBuildFile section */
		CEF646161CF6740D00396632 /* AppDelegate.swift in Sources */ = {isa = PBXBuildFile; fileRef = CEF646151CF6740D00396632 /* AppDelegate.swift */; };
		CEF646181CF6740D00396632 /* MasterViewController.swift in Sources */ = {isa = PBXBuildFile; fileRef = CEF646171CF6740D00396632 /* MasterViewController.swift */; };
		CEF6461A1CF6740D00396632 /* DetailViewController.swift in Sources */ = {isa = PBXBuildFile; fileRef = CEF646191CF6740D00396632 /* DetailViewController.swift */; };
		CEF6461D1CF6740D00396632 /* Main.storyboard in Resources */ = {isa = PBXBuildFile; fileRef = CEF6461B1CF6740D00396632 /* Main.storyboard */; };
		CEF6461F1CF6740D00396632 /* Assets.xcassets in Resources */ = {isa = PBXBuildFile; fileRef = CEF6461E1CF6740D00396632 /* Assets.xcassets */; };
		CEF646221CF6740D00396632 /* LaunchScreen.storyboard in Resources */ = {isa = PBXBuildFile; fileRef = CEF646201CF6740D00396632 /* LaunchScreen.storyboard */; };
/* End PBXBuildFile section */

/* Begin PBXFileReference section */
		CEF646121CF6740D00396632 /* Collaborate.app */ = {isa = PBXFileReference; explicitFileType = wrapper.application; includeInIndex = 0; path = Collaborate.app; sourceTree = BUILT_PRODUCTS_DIR; };
		CEF646151CF6740D00396632 /* AppDelegate.swift */ = {isa = PBXFileReference; lastKnownFileType = sourcecode.swift; path = AppDelegate.swift; sourceTree = "<group>"; };
		CEF646171CF6740D00396632 /* MasterViewController.swift */ = {isa = PBXFileReference; lastKnownFileType = sourcecode.swift; path = MasterViewController.swift; sourceTree = "<group>"; };
		CEF646191CF6740D00396632 /* DetailViewController.swift */ = {isa = PBXFileReference; lastKnownFileType = sourcecode.swift; path = DetailViewController.swift; sourceTree = "<group>"; };
		CEF6461C1CF6740D00396632 /* Base */ = {isa = PBXFileReference; lastKnownFileType = file.storyboard; name = Base; path = Base.lproj/Main.storyboard; sourceTree = "<group>"; };
		CEF6461E1CF6740D00396632 /* Assets.xcassets */ = {isa = PBXFileReference; lastKnownFileType = folder.assetcatalog; path = Assets.xcassets; sourceTree = "<group>"; };
		CEF646211CF6740D00396632 /* Base */ = {isa = PBXFileReference; lastKnownFileType = file.storyboard; name = Base; path = Base.lproj/LaunchScreen.storyboard; sourceTree = "<group>"; };
		CEF646231CF6740D00396632 /* Info.plist */ = {isa = PBXFileReference; lastKnownFileType = text.plist.xml; path = Info.plist; sourceTree = "<group>"; };
/* End PBXFileReference section */

/* Begin PBXFrameworksBuildPhase section */
		CEF6460F1CF6740D00396632 /* Frameworks */ = {
			isa = PBXFrameworksBuildPhase;
			buildActionMask = 2147483647;
			files = (
			);
			runOnlyForDeploymentPostprocessing = 0;
		};
/* End PBXFrameworksBuildPhase section */

/* Begin PBXGroup section */
		CEF646091CF6740D00396632 = {
			isa = PBXGroup;
			children = (
				CEF646141CF6740D00396632 /* Collaborate */,
				CEF646131CF6740D00396632 /* Products */,
			);
			sourceTree = "<group>";
		};
		CEF646131CF6740D00396632 /* Products */ = {
			isa = PBXGroup;
			children = (
				CEF646121CF6740D00396632 /* Collaborate.app */,
			);
			name = Products;
			sourceTree = "<group>";
		};
		CEF646141CF6740D00396632 /* Collaborate */ = {
			isa = PBXGroup;
			children = (
				CEF646151CF6740D00396632 /* AppDelegate.swift */,
				CEF646171CF6740D00396632 /* MasterViewController.swift */,
				CEF646191CF6740D00396632 /* DetailViewController.swift */,
				CEF6461B1CF6740D00396632 /* Main.storyboard */,
				CEF6461E1CF6740D00396632 /* Assets.xcassets */,
				CEF646201CF6740D00396632 /* LaunchScreen.storyboard */,
				CEF646231CF6740D00396632 /* Info.plist */,
			);
			path = Collaborate;
			sourceTree = "<group>";
		};
/* End PBXGroup section */

/* Begin PBXNativeTarget section */
		CEF646111CF6740D00396632 /* Collaborate */ = {
			isa = PBXNativeTarget;
			buildConfigurationList = CEF646261CF6740D00396632 /* Build configuration list for PBXNativeTarget "Collaborate" */;
			buildPhases = (
				CEF6460E1CF6740D00396632 /* Sources */,
				CEF6460F1CF6740D00396632 /* Frameworks */,
				CEF646101CF6740D00396632 /* Resources */,
			);
			buildRules = (
			);
			dependencies = (
			);
			name = Collaborate;
			productName = Collaborate;
			productReference = CEF646121CF6740D00396632 /* Collaborate.app */;
			productType = "com.apple.product-type.application";
		};
/* End PBXNativeTarget section */

/* Begin PBXProject section */
		CEF6460A1CF6740D00396632 /* Project object */ = {
			isa = PBXProject;
			attributes = {
				LastSwiftUpdateCheck = 0730;
				LastUpgradeCheck = 0730;
				ORGANIZATIONNAME = Pluralsight;
				TargetAttributes = {
					CEF646111CF6740D00396632 = {
						CreatedOnToolsVersion = 7.3.1;
					};
				};
			};
			buildConfigurationList = CEF6460D1CF6740D00396632 /* Build configuration list for PBXProject "Collaborate" */;
			compatibilityVersion = "Xcode 3.2";
			developmentRegion = English;
			hasScannedForEncodings = 0;
			knownRegions = (
				en,
				Base,
			);
			mainGroup = CEF646091CF6740D00396632;
			productRefGroup = CEF646131CF6740D00396632 /* Products */;
			projectDirPath = "";
			projectRoot = "";
			targets = (
				CEF646111CF6740D00396632 /* Collaborate */,
			);
		};
/* End PBXProject section */

/* Begin PBXResourcesBuildPhase section */
		CEF646101CF6740D00396632 /* Resources */ = {
			isa = PBXResourcesBuildPhase;
			buildActionMask = 2147483647;
			files = (
				CEF646221CF6740D00396632 /* LaunchScreen.storyboard in Resources */,
				CEF6461F1CF6740D00396632 /* Assets.xcassets in Resources */,
				CEF6461D1CF6740D00396632 /* Main.storyboard in Resources */,
			);
			runOnlyForDeploymentPostprocessing = 0;
		};
/* End PBXResourcesBuildPhase section */

/* Begin PBXSourcesBuildPhase section */
		CEF6460E1CF6740D00396632 /* Sources */ = {
			isa = PBXSourcesBuildPhase;
			buildActionMask = 2147483647;
			files = (
				CEF6461A1CF6740D00396632 /* DetailViewController.swift in Sources */,
				CEF646181CF6740D00396632 /* MasterViewController.swift in Sources */,
				CEF646161CF6740D00396632 /* AppDelegate.swift in Sources */,
			);
			runOnlyForDeploymentPostprocessing = 0;
		};
/* End PBXSourcesBuildPhase section */

/* Begin PBXVariantGroup section */
		CEF6461B1CF6740D00396632 /* Main.storyboard */ = {
			isa = PBXVariantGroup;
			children = (
				CEF6461C1CF6740D00396632 /* Base */,
			);
			name = Main.storyboard;
			sourceTree = "<group>";
		};
		CEF646201CF6740D00396632 /* LaunchScreen.storyboard */ = {
			isa = PBXVariantGroup;
			children = (
				CEF646211CF6740D00396632 /* Base */,
			);
			name = LaunchScreen.storyboard;
			sourceTree = "<group>";
		};
/* End PBXVariantGroup section */

/* Begin XCBuildConfiguration section */
		CEF646241CF6740D00396632 /* Debug */ = {
			isa = XCBuildConfiguration;
			buildSettings = {
				ALWAYS_SEARCH_USER_PATHS = NO;
				CLANG_ANALYZER_NONNULL = YES;
				CLANG_CXX_LANGUAGE_STANDARD = "gnu++0x";
				CLANG_CXX_LIBRARY = "libc++";
				CLANG_ENABLE_MODULES = YES;
				CLANG_ENABLE_OBJC_ARC = YES;
				CLANG_WARN_BOOL_CONVERSION = YES;
				CLANG_WARN_CONSTANT_CONVERSION = YES;
				CLANG_WARN_DIRECT_OBJC_ISA_USAGE = YES_ERROR;
				CLANG_WARN_EMPTY_BODY = YES;
				CLANG_WARN_ENUM_CONVERSION = YES;
				CLANG_WARN_INT_CONVERSION = YES;
				CLANG_WARN_OBJC_ROOT_CLASS = YES_ERROR;
				CLANG_WARN_UNREACHABLE_CODE = YES;
				CLANG_WARN__DUPLICATE_METHOD_MATCH = YES;
				"CODE_SIGN_IDENTITY[sdk=iphoneos*]" = "iPhone Developer";
				COPY_PHASE_STRIP = NO;
				DEBUG_INFORMATION_FORMAT = dwarf;
				ENABLE_STRICT_OBJC_MSGSEND = YES;
				ENABLE_TESTABILITY = YES;
				GCC_C_LANGUAGE_STANDARD = gnu99;
				GCC_DYNAMIC_NO_PIC = NO;
				GCC_NO_COMMON_BLOCKS = YES;
				GCC_OPTIMIZATION_LEVEL = 0;
				GCC_PREPROCESSOR_DEFINITIONS = (
					"DEBUG=1",
					"$(inherited)",
				);
				GCC_WARN_64_TO_32_BIT_CONVERSION = YES;
				GCC_WARN_ABOUT_RETURN_TYPE = YES_ERROR;
				GCC_WARN_UNDECLARED_SELECTOR = YES;
				GCC_WARN_UNINITIALIZED_AUTOS = YES_AGGRESSIVE;
				GCC_WARN_UNUSED_FUNCTION = YES;
				GCC_WARN_UNUSED_VARIABLE = YES;
				IPHONEOS_DEPLOYMENT_TARGET = 9.3;
				MTL_ENABLE_DEBUG_INFO = YES;
				ONLY_ACTIVE_ARCH = YES;
				SDKROOT = iphoneos;
				SWIFT_OPTIMIZATION_LEVEL = "-Onone";
				TARGETED_DEVICE_FAMILY = "1,2";
			};
			name = Debug;
		};
		CEF646251CF6740D00396632 /* Release */ = {
			isa = XCBuildConfiguration;
			buildSettings = {
				ALWAYS_SEARCH_USER_PATHS = NO;
				CLANG_ANALYZER_NONNULL = YES;
				CLANG_CXX_LANGUAGE_STANDARD = "gnu++0x";
				CLANG_CXX_LIBRARY = "libc++";
				CLANG_ENABLE_MODULES = YES;
				CLANG_ENABLE_OBJC_ARC = YES;
				CLANG_WARN_BOOL_CONVERSION = YES;
				CLANG_WARN_CONSTANT_CONVERSION = YES;
				CLANG_WARN_DIRECT_OBJC_ISA_USAGE = YES_ERROR;
				CLANG_WARN_EMPTY_BODY = YES;
				CLANG_WARN_ENUM_CONVERSION = YES;
				CLANG_WARN_INT_CONVERSION = YES;
				CLANG_WARN_OBJC_ROOT_CLASS = YES_ERROR;
				CLANG_WARN_UNREACHABLE_CODE = YES;
				CLANG_WARN__DUPLICATE_METHOD_MATCH = YES;
				"CODE_SIGN_IDENTITY[sdk=iphoneos*]" = "iPhone Developer";
				COPY_PHASE_STRIP = NO;
				DEBUG_INFORMATION_FORMAT = "dwarf-with-dsym";
				ENABLE_NS_ASSERTIONS = NO;
				ENABLE_STRICT_OBJC_MSGSEND = YES;
				GCC_C_LANGUAGE_STANDARD = gnu99;
				GCC_NO_COMMON_BLOCKS = YES;
				GCC_WARN_64_TO_32_BIT_CONVERSION = YES;
				GCC_WARN_ABOUT_RETURN_TYPE = YES_ERROR;
				GCC_WARN_UNDECLARED_SELECTOR = YES;
				GCC_WARN_UNINITIALIZED_AUTOS = YES_AGGRESSIVE;
				GCC_WARN_UNUSED_FUNCTION = YES;
				GCC_WARN_UNUSED_VARIABLE = YES;
				IPHONEOS_DEPLOYMENT_TARGET = 9.3;
				MTL_ENABLE_DEBUG_INFO = NO;
				SDKROOT = iphoneos;
				TARGETED_DEVICE_FAMILY = "1,2";
				VALIDATE_PRODUCT = YES;
			};
			name = Release;
		};
		CEF646271CF6740D00396632 /* Debug */ = {
			isa = XCBuildConfiguration;
			buildSettings = {
				ASSETCATALOG_COMPILER_APPICON_NAME = AppIcon;
				INFOPLIST_FILE = Collaborate/Info.plist;
				LD_RUNPATH_SEARCH_PATHS = "$(inherited) @executable_path/Frameworks";
				PRODUCT_BUNDLE_IDENTIFIER = com.pluralsight.Collaborate;
				PRODUCT_NAME = "$(TARGET_NAME)";
			};
			name = Debug;
		};
		CEF646281CF6740D00396632 /* Release */ = {
			isa = XCBuildConfiguration;
			buildSettings = {
				ASSETCATALOG_COMPILER_APPICON_NAME = AppIcon;
				INFOPLIST_FILE = Collaborate/Info.plist;
				LD_RUNPATH_SEARCH_PATHS = "$(inherited) @executable_path/Frameworks";
				PRODUCT_BUNDLE_IDENTIFIER = com.pluralsight.Collaborate;
				PRODUCT_NAME = "$(TARGET_NAME)";
			};
			name = Release;
		};
/* End XCBuildConfiguration section */

/* Begin XCConfigurationList section */
		CEF6460D1CF6740D00396632 /* Build configuration list for PBXProject "Collaborate" */ = {
			isa = XCConfigurationList;
			buildConfigurations = (
				CEF646241CF6740D00396632 /* Debug */,
				CEF646251CF6740D00396632 /* Release */,
			);
			defaultConfigurationIsVisible = 0;
			defaultConfigurationName = Release;
		};
		CEF646261CF6740D00396632 /* Build configuration list for PBXNativeTarget "Collaborate" */ = {
			isa = XCConfigurationList;
			buildConfigurations = (
				CEF646271CF6740D00396632 /* Debug */,
				CEF646281CF6740D00396632 /* Release */,
			);
			defaultConfigurationIsVisible = 0;
		};
/* End XCConfigurationList section */
	};
	rootObject = CEF6460A1CF6740D00396632 /* Project object */;
}
