// !$*UTF8*$!
{
	archiveVersion = 1;
	classes = {
	};
	objectVersion = 46;
	objects = {

/* Begin PBXBuildFile section */
		1A29AB9C1C2155B7000764B0 /* AppDelegate.swift in Sources */ = {isa = PBXBuildFile; fileRef = 1A29AB9B1C2155B7000764B0 /* AppDelegate.swift */; };
		1A29AB9E1C2155B7000764B0 /* ViewController.swift in Sources */ = {isa = PBXBuildFile; fileRef = 1A29AB9D1C2155B7000764B0 /* ViewController.swift */; };
		1A29ABA11C2155B7000764B0 /* Main.storyboard in Resources */ = {isa = PBXBuildFile; fileRef = 1A29AB9F1C2155B7000764B0 /* Main.storyboard */; };
		1A29ABA31C2155B7000764B0 /* Assets.xcassets in Resources */ = {isa = PBXBuildFile; fileRef = 1A29ABA21C2155B7000764B0 /* Assets.xcassets */; };
		1A29ABA61C2155B7000764B0 /* LaunchScreen.storyboard in Resources */ = {isa = PBXBuildFile; fileRef = 1A29ABA41C2155B7000764B0 /* LaunchScreen.storyboard */; };
		1A29ABB11C2155B7000764B0 /* VennDiagramTests.swift in Sources */ = {isa = PBXBuildFile; fileRef = 1A29ABB01C2155B7000764B0 /* VennDiagramTests.swift */; };
		1A29ABBC1C215624000764B0 /* CircleView.swift in Sources */ = {isa = PBXBuildFile; fileRef = 1A29ABBB1C215624000764B0 /* CircleView.swift */; };
		1A29ABBE1C21599E000764B0 /* VennDiagram.swift in Sources */ = {isa = PBXBuildFile; fileRef = 1A29ABBD1C21599E000764B0 /* VennDiagram.swift */; };
/* End PBXBuildFile section */

/* Begin PBXContainerItemProxy section */
		1A29ABAD1C2155B7000764B0 /* PBXContainerItemProxy */ = {
			isa = PBXContainerItemProxy;
			containerPortal = 1A29AB901C2155B7000764B0 /* Project object */;
			proxyType = 1;
			remoteGlobalIDString = 1A29AB971C2155B7000764B0;
			remoteInfo = VennDiagram;
		};
/* End PBXContainerItemProxy section */

/* Begin PBXFileReference section */
		1A29AB981C2155B7000764B0 /* VennDiagram.app */ = {isa = PBXFileReference; explicitFileType = wrapper.application; includeInIndex = 0; path = VennDiagram.app; sourceTree = BUILT_PRODUCTS_DIR; };
		1A29AB9B1C2155B7000764B0 /* AppDelegate.swift */ = {isa = PBXFileReference; lastKnownFileType = sourcecode.swift; path = AppDelegate.swift; sourceTree = "<group>"; };
		1A29AB9D1C2155B7000764B0 /* ViewController.swift */ = {isa = PBXFileReference; lastKnownFileType = sourcecode.swift; path = ViewController.swift; sourceTree = "<group>"; };
		1A29ABA01C2155B7000764B0 /* Base */ = {isa = PBXFileReference; lastKnownFileType = file.storyboard; name = Base; path = Base.lproj/Main.storyboard; sourceTree = "<group>"; };
		1A29ABA21C2155B7000764B0 /* Assets.xcassets */ = {isa = PBXFileReference; lastKnownFileType = folder.assetcatalog; path = Assets.xcassets; sourceTree = "<group>"; };
		1A29ABA51C2155B7000764B0 /* Base */ = {isa = PBXFileReference; lastKnownFileType = file.storyboard; name = Base; path = Base.lproj/LaunchScreen.storyboard; sourceTree = "<group>"; };
		1A29ABA71C2155B7000764B0 /* Info.plist */ = {isa = PBXFileReference; lastKnownFileType = text.plist.xml; path = Info.plist; sourceTree = "<group>"; };
		1A29ABAC1C2155B7000764B0 /* VennDiagramTests.xctest */ = {isa = PBXFileReference; explicitFileType = wrapper.cfbundle; includeInIndex = 0; path = VennDiagramTests.xctest; sourceTree = BUILT_PRODUCTS_DIR; };
		1A29ABB01C2155B7000764B0 /* VennDiagramTests.swift */ = {isa = PBXFileReference; lastKnownFileType = sourcecode.swift; path = VennDiagramTests.swift; sourceTree = "<group>"; };
		1A29ABB21C2155B7000764B0 /* Info.plist */ = {isa = PBXFileReference; lastKnownFileType = text.plist.xml; path = Info.plist; sourceTree = "<group>"; };
		1A29ABBB1C215624000764B0 /* CircleView.swift */ = {isa = PBXFileReference; fileEncoding = 4; lastKnownFileType = sourcecode.swift; path = CircleView.swift; sourceTree = "<group>"; };
		1A29ABBD1C21599E000764B0 /* VennDiagram.swift */ = {isa = PBXFileReference; fileEncoding = 4; lastKnownFileType = sourcecode.swift; path = VennDiagram.swift; sourceTree = "<group>"; };
/* End PBXFileReference section */

/* Begin PBXFrameworksBuildPhase section */
		1A29AB951C2155B7000764B0 /* Frameworks */ = {
			isa = PBXFrameworksBuildPhase;
			buildActionMask = 2147483647;
			files = (
			);
			runOnlyForDeploymentPostprocessing = 0;
		};
		1A29ABA91C2155B7000764B0 /* Frameworks */ = {
			isa = PBXFrameworksBuildPhase;
			buildActionMask = 2147483647;
			files = (
			);
			runOnlyForDeploymentPostprocessing = 0;
		};
/* End PBXFrameworksBuildPhase section */

/* Begin PBXGroup section */
		1A29AB8F1C2155B7000764B0 = {
			isa = PBXGroup;
			children = (
				1A29AB9A1C2155B7000764B0 /* VennDiagram */,
				1A29ABAF1C2155B7000764B0 /* VennDiagramTests */,
				1A29AB991C2155B7000764B0 /* Products */,
			);
			sourceTree = "<group>";
		};
		1A29AB991C2155B7000764B0 /* Products */ = {
			isa = PBXGroup;
			children = (
				1A29AB981C2155B7000764B0 /* VennDiagram.app */,
				1A29ABAC1C2155B7000764B0 /* VennDiagramTests.xctest */,
			);
			name = Products;
			sourceTree = "<group>";
		};
		1A29AB9A1C2155B7000764B0 /* VennDiagram */ = {
			isa = PBXGroup;
			children = (
				1A29AB9B1C2155B7000764B0 /* AppDelegate.swift */,
				1A29AB9D1C2155B7000764B0 /* ViewController.swift */,
				1A29AB9F1C2155B7000764B0 /* Main.storyboard */,
				1A29ABA21C2155B7000764B0 /* Assets.xcassets */,
				1A29ABA41C2155B7000764B0 /* LaunchScreen.storyboard */,
				1A29ABA71C2155B7000764B0 /* Info.plist */,
				1A29ABBB1C215624000764B0 /* CircleView.swift */,
				1A29ABBD1C21599E000764B0 /* VennDiagram.swift */,
			);
			path = VennDiagram;
			sourceTree = "<group>";
		};
		1A29ABAF1C2155B7000764B0 /* VennDiagramTests */ = {
			isa = PBXGroup;
			children = (
				1A29ABB01C2155B7000764B0 /* VennDiagramTests.swift */,
				1A29ABB21C2155B7000764B0 /* Info.plist */,
			);
			path = VennDiagramTests;
			sourceTree = "<group>";
		};
/* End PBXGroup section */

/* Begin PBXNativeTarget section */
		1A29AB971C2155B7000764B0 /* VennDiagram */ = {
			isa = PBXNativeTarget;
			buildConfigurationList = 1A29ABB51C2155B7000764B0 /* Build configuration list for PBXNativeTarget "VennDiagram" */;
			buildPhases = (
				1A29AB941C2155B7000764B0 /* Sources */,
				1A29AB951C2155B7000764B0 /* Frameworks */,
				1A29AB961C2155B7000764B0 /* Resources */,
			);
			buildRules = (
			);
			dependencies = (
			);
			name = VennDiagram;
			productName = VennDiagram;
			productReference = 1A29AB981C2155B7000764B0 /* VennDiagram.app */;
			productType = "com.apple.product-type.application";
		};
		1A29ABAB1C2155B7000764B0 /* VennDiagramTests */ = {
			isa = PBXNativeTarget;
			buildConfigurationList = 1A29ABB81C2155B7000764B0 /* Build configuration list for PBXNativeTarget "VennDiagramTests" */;
			buildPhases = (
				1A29ABA81C2155B7000764B0 /* Sources */,
				1A29ABA91C2155B7000764B0 /* Frameworks */,
				1A29ABAA1C2155B7000764B0 /* Resources */,
			);
			buildRules = (
			);
			dependencies = (
				1A29ABAE1C2155B7000764B0 /* PBXTargetDependency */,
			);
			name = VennDiagramTests;
			productName = VennDiagramTests;
			productReference = 1A29ABAC1C2155B7000764B0 /* VennDiagramTests.xctest */;
			productType = "com.apple.product-type.bundle.unit-test";
		};
/* End PBXNativeTarget section */

/* Begin PBXProject section */
		1A29AB901C2155B7000764B0 /* Project object */ = {
			isa = PBXProject;
			attributes = {
				LastSwiftUpdateCheck = 0720;
				LastUpgradeCheck = 0720;
				ORGANIZATIONNAME = Pluralsight;
				TargetAttributes = {
					1A29AB971C2155B7000764B0 = {
						CreatedOnToolsVersion = 7.2;
					};
					1A29ABAB1C2155B7000764B0 = {
						CreatedOnToolsVersion = 7.2;
						TestTargetID = 1A29AB971C2155B7000764B0;
					};
				};
			};
			buildConfigurationList = 1A29AB931C2155B7000764B0 /* Build configuration list for PBXProject "VennDiagram" */;
			compatibilityVersion = "Xcode 3.2";
			developmentRegion = English;
			hasScannedForEncodings = 0;
			knownRegions = (
				en,
				Base,
			);
			mainGroup = 1A29AB8F1C2155B7000764B0;
			productRefGroup = 1A29AB991C2155B7000764B0 /* Products */;
			projectDirPath = "";
			projectRoot = "";
			targets = (
				1A29AB971C2155B7000764B0 /* VennDiagram */,
				1A29ABAB1C2155B7000764B0 /* VennDiagramTests */,
			);
		};
/* End PBXProject section */

/* Begin PBXResourcesBuildPhase section */
		1A29AB961C2155B7000764B0 /* Resources */ = {
			isa = PBXResourcesBuildPhase;
			buildActionMask = 2147483647;
			files = (
				1A29ABA61C2155B7000764B0 /* LaunchScreen.storyboard in Resources */,
				1A29ABA31C2155B7000764B0 /* Assets.xcassets in Resources */,
				1A29ABA11C2155B7000764B0 /* Main.storyboard in Resources */,
			);
			runOnlyForDeploymentPostprocessing = 0;
		};
		1A29ABAA1C2155B7000764B0 /* Resources */ = {
			isa = PBXResourcesBuildPhase;
			buildActionMask = 2147483647;
			files = (
			);
			runOnlyForDeploymentPostprocessing = 0;
		};
/* End PBXResourcesBuildPhase section */

/* Begin PBXSourcesBuildPhase section */
		1A29AB941C2155B7000764B0 /* Sources */ = {
			isa = PBXSourcesBuildPhase;
			buildActionMask = 2147483647;
			files = (
				1A29ABBE1C21599E000764B0 /* VennDiagram.swift in Sources */,
				1A29ABBC1C215624000764B0 /* CircleView.swift in Sources */,
				1A29AB9E1C2155B7000764B0 /* ViewController.swift in Sources */,
				1A29AB9C1C2155B7000764B0 /* AppDelegate.swift in Sources */,
			);
			runOnlyForDeploymentPostprocessing = 0;
		};
		1A29ABA81C2155B7000764B0 /* Sources */ = {
			isa = PBXSourcesBuildPhase;
			buildActionMask = 2147483647;
			files = (
				1A29ABB11C2155B7000764B0 /* VennDiagramTests.swift in Sources */,
			);
			runOnlyForDeploymentPostprocessing = 0;
		};
/* End PBXSourcesBuildPhase section */

/* Begin PBXTargetDependency section */
		1A29ABAE1C2155B7000764B0 /* PBXTargetDependency */ = {
			isa = PBXTargetDependency;
			target = 1A29AB971C2155B7000764B0 /* VennDiagram */;
			targetProxy = 1A29ABAD1C2155B7000764B0 /* PBXContainerItemProxy */;
		};
/* End PBXTargetDependency section */

/* Begin PBXVariantGroup section */
		1A29AB9F1C2155B7000764B0 /* Main.storyboard */ = {
			isa = PBXVariantGroup;
			children = (
				1A29ABA01C2155B7000764B0 /* Base */,
			);
			name = Main.storyboard;
			sourceTree = "<group>";
		};
		1A29ABA41C2155B7000764B0 /* LaunchScreen.storyboard */ = {
			isa = PBXVariantGroup;
			children = (
				1A29ABA51C2155B7000764B0 /* Base */,
			);
			name = LaunchScreen.storyboard;
			sourceTree = "<group>";
		};
/* End PBXVariantGroup section */

/* Begin XCBuildConfiguration section */
		1A29ABB31C2155B7000764B0 /* Debug */ = {
			isa = XCBuildConfiguration;
			buildSettings = {
				ALWAYS_SEARCH_USER_PATHS = NO;
				CLANG_CXX_LANGUAGE_STANDARD = "gnu++0x";
				CLANG_CXX_LIBRARY = "libc++";
				CLANG_ENABLE_MODULES = YES;
				CLANG_ENABLE_OBJC_ARC = YES;
				CLANG_WARN_BOOL_CONVERSION = YES;
				CLANG_WARN_CONSTANT_CONVERSION = YES;
				CLANG_WARN_DIRECT_OBJC_ISA_USAGE = YES_ERROR;
				CLANG_WARN_EMPTY_BODY = YES;
				CLANG_WARN_ENUM_CONVERSION = YES;
				CLANG_WARN_INT_CONVERSION = YES;
				CLANG_WARN_OBJC_ROOT_CLASS = YES_ERROR;
				CLANG_WARN_UNREACHABLE_CODE = YES;
				CLANG_WARN__DUPLICATE_METHOD_MATCH = YES;
				"CODE_SIGN_IDENTITY[sdk=iphoneos*]" = "iPhone Developer";
				COPY_PHASE_STRIP = NO;
				DEBUG_INFORMATION_FORMAT = dwarf;
				ENABLE_STRICT_OBJC_MSGSEND = YES;
				ENABLE_TESTABILITY = YES;
				GCC_C_LANGUAGE_STANDARD = gnu99;
				GCC_DYNAMIC_NO_PIC = NO;
				GCC_NO_COMMON_BLOCKS = YES;
				GCC_OPTIMIZATION_LEVEL = 0;
				GCC_PREPROCESSOR_DEFINITIONS = (
					"DEBUG=1",
					"$(inherited)",
				);
				GCC_WARN_64_TO_32_BIT_CONVERSION = YES;
				GCC_WARN_ABOUT_RETURN_TYPE = YES_ERROR;
				GCC_WARN_UNDECLARED_SELECTOR = YES;
				GCC_WARN_UNINITIALIZED_AUTOS = YES_AGGRESSIVE;
				GCC_WARN_UNUSED_FUNCTION = YES;
				GCC_WARN_UNUSED_VARIABLE = YES;
				IPHONEOS_DEPLOYMENT_TARGET = 9.2;
				MTL_ENABLE_DEBUG_INFO = YES;
				ONLY_ACTIVE_ARCH = YES;
				SDKROOT = iphoneos;
				SWIFT_OPTIMIZATION_LEVEL = "-Onone";
				TARGETED_DEVICE_FAMILY = "1,2";
			};
			name = Debug;
		};
		1A29ABB41C2155B7000764B0 /* Release */ = {
			isa = XCBuildConfiguration;
			buildSettings = {
				ALWAYS_SEARCH_USER_PATHS = NO;
				CLANG_CXX_LANGUAGE_STANDARD = "gnu++0x";
				CLANG_CXX_LIBRARY = "libc++";
				CLANG_ENABLE_MODULES = YES;
				CLANG_ENABLE_OBJC_ARC = YES;
				CLANG_WARN_BOOL_CONVERSION = YES;
				CLANG_WARN_CONSTANT_CONVERSION = YES;
				CLANG_WARN_DIRECT_OBJC_ISA_USAGE = YES_ERROR;
				CLANG_WARN_EMPTY_BODY = YES;
				CLANG_WARN_ENUM_CONVERSION = YES;
				CLANG_WARN_INT_CONVERSION = YES;
				CLANG_WARN_OBJC_ROOT_CLASS = YES_ERROR;
				CLANG_WARN_UNREACHABLE_CODE = YES;
				CLANG_WARN__DUPLICATE_METHOD_MATCH = YES;
				"CODE_SIGN_IDENTITY[sdk=iphoneos*]" = "iPhone Developer";
				COPY_PHASE_STRIP = NO;
				DEBUG_INFORMATION_FORMAT = "dwarf-with-dsym";
				ENABLE_NS_ASSERTIONS = NO;
				ENABLE_STRICT_OBJC_MSGSEND = YES;
				GCC_C_LANGUAGE_STANDARD = gnu99;
				GCC_NO_COMMON_BLOCKS = YES;
				GCC_WARN_64_TO_32_BIT_CONVERSION = YES;
				GCC_WARN_ABOUT_RETURN_TYPE = YES_ERROR;
				GCC_WARN_UNDECLARED_SELECTOR = YES;
				GCC_WARN_UNINITIALIZED_AUTOS = YES_AGGRESSIVE;
				GCC_WARN_UNUSED_FUNCTION = YES;
				GCC_WARN_UNUSED_VARIABLE = YES;
				IPHONEOS_DEPLOYMENT_TARGET = 9.2;
				MTL_ENABLE_DEBUG_INFO = NO;
				SDKROOT = iphoneos;
				TARGETED_DEVICE_FAMILY = "1,2";
				VALIDATE_PRODUCT = YES;
			};
			name = Release;
		};
		1A29ABB61C2155B7000764B0 /* Debug */ = {
			isa = XCBuildConfiguration;
			buildSettings = {
				ASSETCATALOG_COMPILER_APPICON_NAME = AppIcon;
				INFOPLIST_FILE = VennDiagram/Info.plist;
				LD_RUNPATH_SEARCH_PATHS = "$(inherited) @executable_path/Frameworks";
				PRODUCT_BUNDLE_IDENTIFIER = com.pluralsight.VennDiagram;
				PRODUCT_NAME = "$(TARGET_NAME)";
			};
			name = Debug;
		};
		1A29ABB71C2155B7000764B0 /* Release */ = {
			isa = XCBuildConfiguration;
			buildSettings = {
				ASSETCATALOG_COMPILER_APPICON_NAME = AppIcon;
				INFOPLIST_FILE = VennDiagram/Info.plist;
				LD_RUNPATH_SEARCH_PATHS = "$(inherited) @executable_path/Frameworks";
				PRODUCT_BUNDLE_IDENTIFIER = com.pluralsight.VennDiagram;
				PRODUCT_NAME = "$(TARGET_NAME)";
			};
			name = Release;
		};
		1A29ABB91C2155B7000764B0 /* Debug */ = {
			isa = XCBuildConfiguration;
			buildSettings = {
				BUNDLE_LOADER = "$(TEST_HOST)";
				INFOPLIST_FILE = VennDiagramTests/Info.plist;
				LD_RUNPATH_SEARCH_PATHS = "$(inherited) @executable_path/Frameworks @loader_path/Frameworks";
				PRODUCT_BUNDLE_IDENTIFIER = com.pluralsight.VennDiagramTests;
				PRODUCT_NAME = "$(TARGET_NAME)";
				TEST_HOST = "$(BUILT_PRODUCTS_DIR)/VennDiagram.app/VennDiagram";
			};
			name = Debug;
		};
		1A29ABBA1C2155B7000764B0 /* Release */ = {
			isa = XCBuildConfiguration;
			buildSettings = {
				BUNDLE_LOADER = "$(TEST_HOST)";
				INFOPLIST_FILE = VennDiagramTests/Info.plist;
				LD_RUNPATH_SEARCH_PATHS = "$(inherited) @executable_path/Frameworks @loader_path/Frameworks";
				PRODUCT_BUNDLE_IDENTIFIER = com.pluralsight.VennDiagramTests;
				PRODUCT_NAME = "$(TARGET_NAME)";
				TEST_HOST = "$(BUILT_PRODUCTS_DIR)/VennDiagram.app/VennDiagram";
			};
			name = Release;
		};
/* End XCBuildConfiguration section */

/* Begin XCConfigurationList section */
		1A29AB931C2155B7000764B0 /* Build configuration list for PBXProject "VennDiagram" */ = {
			isa = XCConfigurationList;
			buildConfigurations = (
				1A29ABB31C2155B7000764B0 /* Debug */,
				1A29ABB41C2155B7000764B0 /* Release */,
			);
			defaultConfigurationIsVisible = 0;
			defaultConfigurationName = Release;
		};
		1A29ABB51C2155B7000764B0 /* Build configuration list for PBXNativeTarget "VennDiagram" */ = {
			isa = XCConfigurationList;
			buildConfigurations = (
				1A29ABB61C2155B7000764B0 /* Debug */,
				1A29ABB71C2155B7000764B0 /* Release */,
			);
			defaultConfigurationIsVisible = 0;
		};
		1A29ABB81C2155B7000764B0 /* Build configuration list for PBXNativeTarget "VennDiagramTests" */ = {
			isa = XCConfigurationList;
			buildConfigurations = (
				1A29ABB91C2155B7000764B0 /* Debug */,
				1A29ABBA1C2155B7000764B0 /* Release */,
			);
			defaultConfigurationIsVisible = 0;
		};
/* End XCConfigurationList section */
	};
	rootObject = 1A29AB901C2155B7000764B0 /* Project object */;
}
